# This file was autogenerated by Stack.
# You should not edit this file by hand.
# For more information, please see the documentation at:
#   https://docs.haskellstack.org/en/stable/lock_files

packages:
- completed:
    hackage: list-extras-0.4.1.4@sha256:ed748395742238cb0824658a5cb916d3796817eb75fdd6632557ddfcd5429b7e,2394
    pantry-tree:
      size: 527
      sha256: 3887778ba91ac11e94300a82ce0898d9ce80dadcde7994676f3e66e7aee13bb7
  original:
    hackage: list-extras-0.4.1.4@sha256:ed748395742238cb0824658a5cb916d3796817eb75fdd6632557ddfcd5429b7e,2394
- completed:
    hackage: lists-0.4.2@sha256:27feef1e0d66bc3b54638e903def78947fa3fa310c836a2b9f14294029aa19f3,624
    pantry-tree:
      size: 206
      sha256: 697f32f96c044b70eed803ec6bc3cf0772194124c6c35affb5fdeebb585a5851
  original:
    hackage: lists-0.4.2@sha256:27feef1e0d66bc3b54638e903def78947fa3fa310c836a2b9f14294029aa19f3,624
snapshots:
- completed:
    size: 532832
    url: https://raw.githubusercontent.com/commercialhaskell/stackage-snapshots/master/lts/16/23.yaml
    sha256: fbb2a0519008533924c7753bd7164ddd1009f09504eb06674acad6049b46db09
  original: lts-16.23
